
Microsoft Visual Studio Solution File, Format Version 12.00
Project("{2150E333-8FDC-42A3-9474-1A3956D46DE8}") = "src", "src", "{F9A7486C-FFBE-4578-98B8-4BAB8F11F8A8}"
EndProject
Project("{2150E333-8FDC-42A3-9474-1A3956D46DE8}") = "test", "test", "{C1577136-9C2F-4021-885F-5F0552E08403}"
EndProject
Project("{2150E333-8FDC-42A3-9474-1A3956D46DE8}") = "API", "API", "{5E28B0D1-14C3-48AA-96F3-4F7058EB50D2}"
EndProject
Project("{2150E333-8FDC-42A3-9474-1A3956D46DE8}") = "Core", "Core", "{5446EEA4-C45A-4529-A875-C240FAF91CF9}"
EndProject
Project("{2150E333-8FDC-42A3-9474-1A3956D46DE8}") = "Infrastructure", "Infrastructure", "{C4E38529-8233-4D4E-87E9-A6B811197920}"
EndProject
Project("{FAE04EC0-301F-11D3-BF4B-00C04F79EFBC}") = "HIAST.Transportation.Domain", "HIAST.Transportation.Domain\HIAST.Transportation.Domain.csproj", "{C0A5FC0B-60BB-411B-9387-D5131B81AF98}"
EndProject
Global
	GlobalSection(SolutionConfigurationPlatforms) = preSolution
		Debug|Any CPU = Debug|Any CPU
		Release|Any CPU = Release|Any CPU
	EndGlobalSection
	GlobalSection(NestedProjects) = preSolution
		{5E28B0D1-14C3-48AA-96F3-4F7058EB50D2} = {F9A7486C-FFBE-4578-98B8-4BAB8F11F8A8}
		{5446EEA4-C45A-4529-A875-C240FAF91CF9} = {F9A7486C-FFBE-4578-98B8-4BAB8F11F8A8}
		{C4E38529-8233-4D4E-87E9-A6B811197920} = {F9A7486C-FFBE-4578-98B8-4BAB8F11F8A8}
		{C0A5FC0B-60BB-411B-9387-D5131B81AF98} = {5446EEA4-C45A-4529-A875-C240FAF91CF9}
	EndGlobalSection
	GlobalSection(ProjectConfigurationPlatforms) = postSolution
		{C0A5FC0B-60BB-411B-9387-D5131B81AF98}.Debug|Any CPU.ActiveCfg = Debug|Any CPU
		{C0A5FC0B-60BB-411B-9387-D5131B81AF98}.Debug|Any CPU.Build.0 = Debug|Any CPU
		{C0A5FC0B-60BB-411B-9387-D5131B81AF98}.Release|Any CPU.ActiveCfg = Release|Any CPU
		{C0A5FC0B-60BB-411B-9387-D5131B81AF98}.Release|Any CPU.Build.0 = Release|Any CPU
	EndGlobalSection
EndGlobal
